
Microsoft Visual Studio Solution File, Format Version 12.00
# Visual Studio 15
VisualStudioVersion = 15.0.28010.2016
MinimumVisualStudioVersion = 10.0.40219.1
Project("{8BC9CEB8-8B4A-11D0-8D11-00A0C91BC942}") = "Work_one", "Work_one\Work_one.vcxproj", "{A2C6DAE0-7E53-4B1E-92EE-E7C0CD7D60C3}"
EndProject
Global
	GlobalSection(SolutionConfigurationPlatforms) = preSolution
		Debug|x64 = Debug|x64
		Debug|x86 = Debug|x86
		Release|x64 = Release|x64
		Release|x86 = Release|x86
	EndGlobalSection
	GlobalSection(ProjectConfigurationPlatforms) = postSolution
		{A2C6DAE0-7E53-4B1E-92EE-E7C0CD7D60C3}.Debug|x64.ActiveCfg = Debug|x64
		{A2C6DAE0-7E53-4B1E-92EE-E7C0CD7D60C3}.Debug|x64.Build.0 = Debug|x64
		{A2C6DAE0-7E53-4B1E-92EE-E7C0CD7D60C3}.Debug|x86.ActiveCfg = Debug|Win32
		{A2C6DAE0-7E53-4B1E-92EE-E7C0CD7D60C3}.Debug|x86.Build.0 = Debug|Win32
		{A2C6DAE0-7E53-4B1E-92EE-E7C0CD7D60C3}.Release|x64.ActiveCfg = Release|x64
		{A2C6DAE0-7E53-4B1E-92EE-E7C0CD7D60C3}.Release|x64.Build.0 = Release|x64
		{A2C6DAE0-7E53-4B1E-92EE-E7C0CD7D60C3}.Release|x86.ActiveCfg = Release|Win32
		{A2C6DAE0-7E53-4B1E-92EE-E7C0CD7D60C3}.Release|x86.Build.0 = Release|Win32
	EndGlobalSection
	GlobalSection(SolutionProperties) = preSolution
		HideSolutionNode = FALSE
	EndGlobalSection
	GlobalSection(ExtensibilityGlobals) = postSolution
		SolutionGuid = {38FF184C-6D4E-47D3-AD34-AE9976A79146}
	EndGlobalSection
EndGlobal
